
Microsoft Visual Studio Solution File, Format Version 12.00
# Visual Studio Version 16
VisualStudioVersion = 16.0.31019.35
MinimumVisualStudioVersion = 10.0.40219.1
Project("{FAE04EC0-301F-11D3-BF4B-00C04F79EFBC}") = "ASPEmployeePartialView", "ASPEmployeePartialView\ASPEmployeePartialView.csproj", "{CADE169C-3B41-4339-90E3-1B2D73278033}"
EndProject
Global
	GlobalSection(SolutionConfigurationPlatforms) = preSolution
		Debug|Any CPU = Debug|Any CPU
		Release|Any CPU = Release|Any CPU
	EndGlobalSection
	GlobalSection(ProjectConfigurationPlatforms) = postSolution
		{CADE169C-3B41-4339-90E3-1B2D73278033}.Debug|Any CPU.ActiveCfg = Debug|Any CPU
		{CADE169C-3B41-4339-90E3-1B2D73278033}.Debug|Any CPU.Build.0 = Debug|Any CPU
		{CADE169C-3B41-4339-90E3-1B2D73278033}.Release|Any CPU.ActiveCfg = Release|Any CPU
		{CADE169C-3B41-4339-90E3-1B2D73278033}.Release|Any CPU.Build.0 = Release|Any CPU
	EndGlobalSection
	GlobalSection(SolutionProperties) = preSolution
		HideSolutionNode = FALSE
	EndGlobalSection
	GlobalSection(ExtensibilityGlobals) = postSolution
		SolutionGuid = {509CB6AA-F2F9-4F0A-A67E-9EA29A12EA7D}
	EndGlobalSection
EndGlobal
