
Microsoft Visual Studio Solution File, Format Version 12.00
# Visual Studio Version 16
VisualStudioVersion = 16.0.30907.101
MinimumVisualStudioVersion = 10.0.40219.1
Project("{FAE04EC0-301F-11D3-BF4B-00C04F79EFBC}") = "AbstractFactoryCaseStudy", "AbstractFactoryCaseStudy\AbstractFactoryCaseStudy.csproj", "{297102AB-2644-47E9-BCDB-03E9030D2C9D}"
EndProject
Project("{FAE04EC0-301F-11D3-BF4B-00C04F79EFBC}") = "ObserverCaseStudy", "ObserverCaseStudy\ObserverCaseStudy.csproj", "{F57EBB84-91F8-4305-941E-6B3BF6B37F66}"
EndProject
Global
	GlobalSection(SolutionConfigurationPlatforms) = preSolution
		Debug|Any CPU = Debug|Any CPU
		Release|Any CPU = Release|Any CPU
	EndGlobalSection
	GlobalSection(ProjectConfigurationPlatforms) = postSolution
		{297102AB-2644-47E9-BCDB-03E9030D2C9D}.Debug|Any CPU.ActiveCfg = Debug|Any CPU
		{297102AB-2644-47E9-BCDB-03E9030D2C9D}.Debug|Any CPU.Build.0 = Debug|Any CPU
		{297102AB-2644-47E9-BCDB-03E9030D2C9D}.Release|Any CPU.ActiveCfg = Release|Any CPU
		{297102AB-2644-47E9-BCDB-03E9030D2C9D}.Release|Any CPU.Build.0 = Release|Any CPU
		{F57EBB84-91F8-4305-941E-6B3BF6B37F66}.Debug|Any CPU.ActiveCfg = Debug|Any CPU
		{F57EBB84-91F8-4305-941E-6B3BF6B37F66}.Debug|Any CPU.Build.0 = Debug|Any CPU
		{F57EBB84-91F8-4305-941E-6B3BF6B37F66}.Release|Any CPU.ActiveCfg = Release|Any CPU
		{F57EBB84-91F8-4305-941E-6B3BF6B37F66}.Release|Any CPU.Build.0 = Release|Any CPU
	EndGlobalSection
	GlobalSection(SolutionProperties) = preSolution
		HideSolutionNode = FALSE
	EndGlobalSection
	GlobalSection(ExtensibilityGlobals) = postSolution
		SolutionGuid = {EFCF9C5F-A893-400F-9655-7A630AF68B4E}
	EndGlobalSection
EndGlobal
